
Microsoft Visual Studio Solution File, Format Version 12.00
# Visual Studio Version 17
VisualStudioVersion = 17.9.34728.123
MinimumVisualStudioVersion = 10.0.40219.1
Project("{FAE04EC0-301F-11D3-BF4B-00C04F79EFBC}") = "Presentacion", "Presentacion\Presentacion.csproj", "{55C66DE3-116C-47DF-B309-60E761E4732B}"
EndProject
Project("{FAE04EC0-301F-11D3-BF4B-00C04F79EFBC}") = "Dominio", "Dominio\Dominio.csproj", "{1376C591-BEE6-4A55-A5F8-3C14CAD88D0C}"
EndProject
Global
	GlobalSection(SolutionConfigurationPlatforms) = preSolution
		Debug|Any CPU = Debug|Any CPU
		Release|Any CPU = Release|Any CPU
	EndGlobalSection
	GlobalSection(ProjectConfigurationPlatforms) = postSolution
		{55C66DE3-116C-47DF-B309-60E761E4732B}.Debug|Any CPU.ActiveCfg = Debug|Any CPU
		{55C66DE3-116C-47DF-B309-60E761E4732B}.Debug|Any CPU.Build.0 = Debug|Any CPU
		{55C66DE3-116C-47DF-B309-60E761E4732B}.Release|Any CPU.ActiveCfg = Release|Any CPU
		{55C66DE3-116C-47DF-B309-60E761E4732B}.Release|Any CPU.Build.0 = Release|Any CPU
		{1376C591-BEE6-4A55-A5F8-3C14CAD88D0C}.Debug|Any CPU.ActiveCfg = Debug|Any CPU
		{1376C591-BEE6-4A55-A5F8-3C14CAD88D0C}.Debug|Any CPU.Build.0 = Debug|Any CPU
		{1376C591-BEE6-4A55-A5F8-3C14CAD88D0C}.Release|Any CPU.ActiveCfg = Release|Any CPU
		{1376C591-BEE6-4A55-A5F8-3C14CAD88D0C}.Release|Any CPU.Build.0 = Release|Any CPU
	EndGlobalSection
	GlobalSection(SolutionProperties) = preSolution
		HideSolutionNode = FALSE
	EndGlobalSection
	GlobalSection(ExtensibilityGlobals) = postSolution
		SolutionGuid = {B7329FE5-5C55-4C4B-A9E1-46B3DF4DC3EA}
	EndGlobalSection
EndGlobal
